
Microsoft Visual Studio Solution File, Format Version 12.00
# Visual Studio Version 16
VisualStudioVersion = 16.0.30330.147
MinimumVisualStudioVersion = 10.0.40219.1
Project("{FAE04EC0-301F-11D3-BF4B-00C04F79EFBC}") = "MAS", "MAS\MAS.csproj", "{E52D3320-1C3E-4CF1-A6B5-479CAE4488FA}"
EndProject
Project("{FAE04EC0-301F-11D3-BF4B-00C04F79EFBC}") = "MAS.Agents", "MAS.Agents\MAS.Agents.csproj", "{F15BB570-246D-4DAE-A8DB-3735A4E8D3A3}"
EndProject
Project("{FAE04EC0-301F-11D3-BF4B-00C04F79EFBC}") = "MAS.Items", "MAS.Items\MAS.Items.csproj", "{01BB9D02-3B99-4DC3-A9F0-5E6AD5E45CB0}"
EndProject
Global
	GlobalSection(SolutionConfigurationPlatforms) = preSolution
		Debug|Any CPU = Debug|Any CPU
		Release|Any CPU = Release|Any CPU
	EndGlobalSection
	GlobalSection(ProjectConfigurationPlatforms) = postSolution
		{E52D3320-1C3E-4CF1-A6B5-479CAE4488FA}.Debug|Any CPU.ActiveCfg = Debug|Any CPU
		{E52D3320-1C3E-4CF1-A6B5-479CAE4488FA}.Debug|Any CPU.Build.0 = Debug|Any CPU
		{E52D3320-1C3E-4CF1-A6B5-479CAE4488FA}.Release|Any CPU.ActiveCfg = Release|Any CPU
		{E52D3320-1C3E-4CF1-A6B5-479CAE4488FA}.Release|Any CPU.Build.0 = Release|Any CPU
		{F15BB570-246D-4DAE-A8DB-3735A4E8D3A3}.Debug|Any CPU.ActiveCfg = Debug|Any CPU
		{F15BB570-246D-4DAE-A8DB-3735A4E8D3A3}.Debug|Any CPU.Build.0 = Debug|Any CPU
		{F15BB570-246D-4DAE-A8DB-3735A4E8D3A3}.Release|Any CPU.ActiveCfg = Release|Any CPU
		{F15BB570-246D-4DAE-A8DB-3735A4E8D3A3}.Release|Any CPU.Build.0 = Release|Any CPU
		{01BB9D02-3B99-4DC3-A9F0-5E6AD5E45CB0}.Debug|Any CPU.ActiveCfg = Debug|Any CPU
		{01BB9D02-3B99-4DC3-A9F0-5E6AD5E45CB0}.Debug|Any CPU.Build.0 = Debug|Any CPU
		{01BB9D02-3B99-4DC3-A9F0-5E6AD5E45CB0}.Release|Any CPU.ActiveCfg = Release|Any CPU
		{01BB9D02-3B99-4DC3-A9F0-5E6AD5E45CB0}.Release|Any CPU.Build.0 = Release|Any CPU
	EndGlobalSection
	GlobalSection(SolutionProperties) = preSolution
		HideSolutionNode = FALSE
	EndGlobalSection
	GlobalSection(ExtensibilityGlobals) = postSolution
		SolutionGuid = {1242518C-F325-4B29-844E-54C4F87B3838}
	EndGlobalSection
EndGlobal
